Microsoft Visual Studio Solution File, Format Version 12.00
# Visual Studio 2013
VisualStudioVersion = 12.0.21005.1
MinimumVisualStudioVersion = 10.0.40219.1
Project("{FAE04EC0-301F-11D3-BF4B-00C04F79EFBC}") = "EktronCrawlerTestProject", "EktronCrawlerTestProject\EktronCrawlerTestProject.csproj", "{01B5A06C-3F71-46F7-AA43-CA3E0BF45FE0}"
EndProject
Project("{FAE04EC0-301F-11D3-BF4B-00C04F79EFBC}") = "EktronCrawler", "EktronCrawler\EktronCrawler.csproj", "{B9131011-965A-4691-ACFA-D6925D84D3BC}"
EndProject
Project("{FAE04EC0-301F-11D3-BF4B-00C04F79EFBC}") = "MissionSearchCore", "..\MissionSearchCore\MissionSearchCore1.1.0.0\MissionSearchCore\MissionSearchCore.csproj", "{2CC7CE1D-6423-4FA7-A6D9-8E87364D885F}"
EndProject
Project("{FAE04EC0-301F-11D3-BF4B-00C04F79EFBC}") = "EktronCrawlerService", "EktronCrawlerService\EktronCrawlerService.csproj", "{829E6DA3-B1A8-4A15-A524-E04D9FECC068}"
	ProjectSection(ProjectDependencies) = postProject
		{B9131011-965A-4691-ACFA-D6925D84D3BC} = {B9131011-965A-4691-ACFA-D6925D84D3BC}
	EndProjectSection
EndProject
Project("{54435603-DBB4-11D2-8724-00A0C9A8B90C}") = "CrawlerServiceSetup", "CrawlerServiceSetup\CrawlerServiceSetup\CrawlerServiceSetup.vdproj", "{5197713B-81CF-4913-9688-2CA6F1022E11}"
EndProject
Global
	GlobalSection(SolutionConfigurationPlatforms) = preSolution
		Debug|.NET = Debug|.NET
		Debug|Any CPU = Debug|Any CPU
		Debug|x64 = Debug|x64
		Release|.NET = Release|.NET
		Release|Any CPU = Release|Any CPU
		Release|x64 = Release|x64
	EndGlobalSection
	GlobalSection(ProjectConfigurationPlatforms) = postSolution
		{01B5A06C-3F71-46F7-AA43-CA3E0BF45FE0}.Debug|.NET.ActiveCfg = Debug|Any CPU
		{01B5A06C-3F71-46F7-AA43-CA3E0BF45FE0}.Debug|Any CPU.ActiveCfg = Debug|Any CPU
		{01B5A06C-3F71-46F7-AA43-CA3E0BF45FE0}.Debug|Any CPU.Build.0 = Debug|Any CPU
		{01B5A06C-3F71-46F7-AA43-CA3E0BF45FE0}.Debug|x64.ActiveCfg = Debug|Any CPU
		{01B5A06C-3F71-46F7-AA43-CA3E0BF45FE0}.Debug|x64.Build.0 = Debug|Any CPU
		{01B5A06C-3F71-46F7-AA43-CA3E0BF45FE0}.Release|.NET.ActiveCfg = Release|Any CPU
		{01B5A06C-3F71-46F7-AA43-CA3E0BF45FE0}.Release|Any CPU.ActiveCfg = Release|Any CPU
		{01B5A06C-3F71-46F7-AA43-CA3E0BF45FE0}.Release|Any CPU.Build.0 = Release|Any CPU
		{01B5A06C-3F71-46F7-AA43-CA3E0BF45FE0}.Release|x64.ActiveCfg = Release|Any CPU
		{B9131011-965A-4691-ACFA-D6925D84D3BC}.Debug|.NET.ActiveCfg = Debug|Any CPU
		{B9131011-965A-4691-ACFA-D6925D84D3BC}.Debug|Any CPU.ActiveCfg = Debug|Any CPU
		{B9131011-965A-4691-ACFA-D6925D84D3BC}.Debug|Any CPU.Build.0 = Debug|Any CPU
		{B9131011-965A-4691-ACFA-D6925D84D3BC}.Debug|x64.ActiveCfg = Debug|Any CPU
		{B9131011-965A-4691-ACFA-D6925D84D3BC}.Debug|x64.Build.0 = Debug|Any CPU
		{B9131011-965A-4691-ACFA-D6925D84D3BC}.Release|.NET.ActiveCfg = Release|Any CPU
		{B9131011-965A-4691-ACFA-D6925D84D3BC}.Release|Any CPU.ActiveCfg = Release|Any CPU
		{B9131011-965A-4691-ACFA-D6925D84D3BC}.Release|Any CPU.Build.0 = Release|Any CPU
		{B9131011-965A-4691-ACFA-D6925D84D3BC}.Release|x64.ActiveCfg = Release|Any CPU
		{2CC7CE1D-6423-4FA7-A6D9-8E87364D885F}.Debug|.NET.ActiveCfg = Debug|Any CPU
		{2CC7CE1D-6423-4FA7-A6D9-8E87364D885F}.Debug|Any CPU.ActiveCfg = Debug|Any CPU
		{2CC7CE1D-6423-4FA7-A6D9-8E87364D885F}.Debug|Any CPU.Build.0 = Debug|Any CPU
		{2CC7CE1D-6423-4FA7-A6D9-8E87364D885F}.Debug|x64.ActiveCfg = Debug|Any CPU
		{2CC7CE1D-6423-4FA7-A6D9-8E87364D885F}.Debug|x64.Build.0 = Debug|Any CPU
		{2CC7CE1D-6423-4FA7-A6D9-8E87364D885F}.Release|.NET.ActiveCfg = Release|Any CPU
		{2CC7CE1D-6423-4FA7-A6D9-8E87364D885F}.Release|Any CPU.ActiveCfg = Release|Any CPU
		{2CC7CE1D-6423-4FA7-A6D9-8E87364D885F}.Release|Any CPU.Build.0 = Release|Any CPU
		{2CC7CE1D-6423-4FA7-A6D9-8E87364D885F}.Release|x64.ActiveCfg = Release|Any CPU
		{829E6DA3-B1A8-4A15-A524-E04D9FECC068}.Debug|.NET.ActiveCfg = Debug|Any CPU
		{829E6DA3-B1A8-4A15-A524-E04D9FECC068}.Debug|Any CPU.ActiveCfg = Debug|Any CPU
		{829E6DA3-B1A8-4A15-A524-E04D9FECC068}.Debug|Any CPU.Build.0 = Debug|Any CPU
		{829E6DA3-B1A8-4A15-A524-E04D9FECC068}.Debug|x64.ActiveCfg = Debug|Any CPU
		{829E6DA3-B1A8-4A15-A524-E04D9FECC068}.Debug|x64.Build.0 = Debug|Any CPU
		{829E6DA3-B1A8-4A15-A524-E04D9FECC068}.Release|.NET.ActiveCfg = Release|Any CPU
		{829E6DA3-B1A8-4A15-A524-E04D9FECC068}.Release|Any CPU.ActiveCfg = Release|Any CPU
		{829E6DA3-B1A8-4A15-A524-E04D9FECC068}.Release|Any CPU.Build.0 = Release|Any CPU
		{829E6DA3-B1A8-4A15-A524-E04D9FECC068}.Release|x64.ActiveCfg = Release|x64
		{829E6DA3-B1A8-4A15-A524-E04D9FECC068}.Release|x64.Build.0 = Release|x64
		{5197713B-81CF-4913-9688-2CA6F1022E11}.Debug|.NET.ActiveCfg = Debug
		{5197713B-81CF-4913-9688-2CA6F1022E11}.Debug|.NET.Build.0 = Debug
		{5197713B-81CF-4913-9688-2CA6F1022E11}.Debug|Any CPU.ActiveCfg = Debug
		{5197713B-81CF-4913-9688-2CA6F1022E11}.Debug|Any CPU.Build.0 = Debug
		{5197713B-81CF-4913-9688-2CA6F1022E11}.Debug|x64.ActiveCfg = Debug
		{5197713B-81CF-4913-9688-2CA6F1022E11}.Debug|x64.Build.0 = Debug
		{5197713B-81CF-4913-9688-2CA6F1022E11}.Release|.NET.ActiveCfg = Release
		{5197713B-81CF-4913-9688-2CA6F1022E11}.Release|.NET.Build.0 = Release
		{5197713B-81CF-4913-9688-2CA6F1022E11}.Release|Any CPU.ActiveCfg = Release
		{5197713B-81CF-4913-9688-2CA6F1022E11}.Release|Any CPU.Build.0 = Release
		{5197713B-81CF-4913-9688-2CA6F1022E11}.Release|x64.ActiveCfg = Release
		{5197713B-81CF-4913-9688-2CA6F1022E11}.Release|x64.Build.0 = Release
	EndGlobalSection
	GlobalSection(SolutionProperties) = preSolution
		HideSolutionNode = FALSE
	EndGlobalSection
EndGlobal
